
Microsoft Visual Studio Solution File, Format Version 12.00
# Visual Studio Version 16
VisualStudioVersion = 16.0.32407.337
MinimumVisualStudioVersion = 10.0.40219.1
Project("{FAE04EC0-301F-11D3-BF4B-00C04F79EFBC}") = "TweetNYC", "TweetNYC\TweetNYC.csproj", "{4017495F-9B15-4C29-A6CC-BD253AAC227B}"
EndProject
Global
	GlobalSection(SolutionConfigurationPlatforms) = preSolution
		Debug|Any CPU = Debug|Any CPU
		Release|Any CPU = Release|Any CPU
	EndGlobalSection
	GlobalSection(ProjectConfigurationPlatforms) = postSolution
		{4017495F-9B15-4C29-A6CC-BD253AAC227B}.Debug|Any CPU.ActiveCfg = Debug|Any CPU
		{4017495F-9B15-4C29-A6CC-BD253AAC227B}.Debug|Any CPU.Build.0 = Debug|Any CPU
		{4017495F-9B15-4C29-A6CC-BD253AAC227B}.Release|Any CPU.ActiveCfg = Release|Any CPU
		{4017495F-9B15-4C29-A6CC-BD253AAC227B}.Release|Any CPU.Build.0 = Release|Any CPU
	EndGlobalSection
	GlobalSection(SolutionProperties) = preSolution
		HideSolutionNode = FALSE
	EndGlobalSection
	GlobalSection(ExtensibilityGlobals) = postSolution
		SolutionGuid = {509AB253-672E-442B-A1BA-6ACB16EEF23F}
	EndGlobalSection
EndGlobal
